
Microsoft Visual Studio Solution File, Format Version 12.00
# Visual Studio Version 16
VisualStudioVersion = 16.0.30709.64
MinimumVisualStudioVersion = 10.0.40219.1
Project("{FAE04EC0-301F-11D3-BF4B-00C04F79EFBC}") = "BlazorIdentityServer.Server", "Server\BlazorIdentityServer.Server.csproj", "{C0D58A9B-B8A8-4F80-9763-DEECFF437A99}"
EndProject
Project("{FAE04EC0-301F-11D3-BF4B-00C04F79EFBC}") = "BlazorIdentityServer.Client", "Client\BlazorIdentityServer.Client.csproj", "{70CC5829-979E-4DA2-AC40-4C79D2F9DC53}"
EndProject
Project("{FAE04EC0-301F-11D3-BF4B-00C04F79EFBC}") = "BlazorIdentityServer.Shared", "Shared\BlazorIdentityServer.Shared.csproj", "{D17BEF2A-768A-476B-BDD3-8B6CD857CAEF}"
EndProject
Global
	GlobalSection(SolutionConfigurationPlatforms) = preSolution
		Debug|Any CPU = Debug|Any CPU
		Release|Any CPU = Release|Any CPU
	EndGlobalSection
	GlobalSection(ProjectConfigurationPlatforms) = postSolution
		{C0D58A9B-B8A8-4F80-9763-DEECFF437A99}.Debug|Any CPU.ActiveCfg = Debug|Any CPU
		{C0D58A9B-B8A8-4F80-9763-DEECFF437A99}.Debug|Any CPU.Build.0 = Debug|Any CPU
		{C0D58A9B-B8A8-4F80-9763-DEECFF437A99}.Release|Any CPU.ActiveCfg = Release|Any CPU
		{C0D58A9B-B8A8-4F80-9763-DEECFF437A99}.Release|Any CPU.Build.0 = Release|Any CPU
		{70CC5829-979E-4DA2-AC40-4C79D2F9DC53}.Debug|Any CPU.ActiveCfg = Debug|Any CPU
		{70CC5829-979E-4DA2-AC40-4C79D2F9DC53}.Debug|Any CPU.Build.0 = Debug|Any CPU
		{70CC5829-979E-4DA2-AC40-4C79D2F9DC53}.Release|Any CPU.ActiveCfg = Release|Any CPU
		{70CC5829-979E-4DA2-AC40-4C79D2F9DC53}.Release|Any CPU.Build.0 = Release|Any CPU
		{D17BEF2A-768A-476B-BDD3-8B6CD857CAEF}.Debug|Any CPU.ActiveCfg = Debug|Any CPU
		{D17BEF2A-768A-476B-BDD3-8B6CD857CAEF}.Debug|Any CPU.Build.0 = Debug|Any CPU
		{D17BEF2A-768A-476B-BDD3-8B6CD857CAEF}.Release|Any CPU.ActiveCfg = Release|Any CPU
		{D17BEF2A-768A-476B-BDD3-8B6CD857CAEF}.Release|Any CPU.Build.0 = Release|Any CPU
	EndGlobalSection
	GlobalSection(SolutionProperties) = preSolution
		HideSolutionNode = FALSE
	EndGlobalSection
	GlobalSection(ExtensibilityGlobals) = postSolution
		SolutionGuid = {DA234AFF-C087-4692-AC9D-105FE47F6823}
	EndGlobalSection
EndGlobal
